{
  "version": 4,
  "terraform_version": "1.11.2",
  "serial": 59,
  "lineage": "60c9240a-a03d-a9ee-1a64-24ccde305cd9",
  "outputs": {
    "eks_cluster_name": {
      "value": "eksDeepDiveFrankfurt",
      "type": "string"
    },
    "node_group_name": {
      "value": "nodeGroupDP011",
      "type": "string"
    }
  },
  "resources": [
    {
      "mode": "data",
      "type": "aws_eks_cluster",
      "name": "eks",
      "provider": "provider[\"registry.terraform.io/hashicorp/aws\"]",
      "instances": [
        {
          "schema_version": 0,
          "attributes": {
            "access_config": [
              {
                "authentication_mode": "API_AND_CONFIG_MAP",
                "bootstrap_cluster_creator_admin_permissions": true
              }
            ],
            "arn": "arn:aws:eks:eu-central-1:325583868777:cluster/eksDeepDiveFrankfurt",
            "certificate_authority": [
              {
                "data": "LS0tLS1CRUdJTiBDRVJUSUZJQ0FURS0tLS0tCk1JSURCVENDQWUyZ0F3SUJBZ0lJVlltOEtQRDJ4Vnd3RFFZSktvWklodmNOQVFFTEJRQXdGVEVUTUJFR0ExVUUKQXhNS2EzVmlaWEp1WlhSbGN6QWVGdzB5TlRBMU1EVXhNakE0TlRKYUZ3MHpOVEExTURNeE1qRXpOVEphTUJVeApFekFSQmdOVkJBTVRDbXQxWW1WeWJtVjBaWE13Z2dFaU1BMEdDU3FHU0liM0RRRUJBUVVBQTRJQkR3QXdnZ0VLCkFvSUJBUUN4UDYwWUJ6aGxDdHhiejRKSjQrYURwQTZQK2FsbS9lS2pDYzB5SDdBQ0ZJUjMvT0psUENjaDJYdlAKUlhkeTJlRW9BQVpFREo1WUpYSlpnK0JSUk5yWUdOMDNKbFNDUU9PVVBaNXlXakdvZ3NCdyt3eGMzRXpBVU1yRgpXYmV6ZUI4NE56MDFzeTBNZXVNQjY4clJ3bHEzSENjbVQ1VmxPNldRK1pYZXZMK2lVcGszTDJxNXhJSm5yUFUzCkt3OFlYVWQxS0JpOExmK2JiN1pQeVF1T1IyZXFTK3F5OU5IVktwcitzVytGdzhmdFlZaXZ6bEJIbEZpYzZRbloKb3dPUGttNFdjUmhLelV6N28zckpBLzBCVW1vRWRZb2MzTmNmanI3Rk9pUmtvaloyczFOT1VvR2JCaFhjQjB3bwpQTXl2ZWFPQURudk9PbWV1REpLMkdZNk9GQXZEQWdNQkFBR2pXVEJYTUE0R0ExVWREd0VCL3dRRUF3SUNwREFQCkJnTlZIUk1CQWY4RUJUQURBUUgvTUIwR0ExVWREZ1FXQkJUZElJK2dqa3Jpd0ZOekw5cmoreVhJNExUaWN6QVYKQmdOVkhSRUVEakFNZ2dwcmRXSmxjbTVsZEdWek1BMEdDU3FHU0liM0RRRUJDd1VBQTRJQkFRQng5M0tLZithMgpMZzhFQWpPNXVoZGtpRHIwaEs2M3RWbjNFWFhmUldIQVNCMUl4VWhxWDVJdDk2cC9ZYnBJalRjNERLZ3cyYzdVCkVmMWlCcVBzSlFxVXpsZmZMckhsTmdSb1p4OGxzcVdPUDhYeXBoZDFsQ0tBbkF6cXZVWlVHaGRkQlk4MjZrNXkKRjAzbTNqQjN2R2p5dmRrZCs4aG56ODhtVm5nLzRwTW5wOEZ4NnQrbFlQdFh5SzJzZU1QOFJ1Z3VTcmMybU1peApRdDJjVVUza3poZi90KzcwUkthOUpEcTgra3RXclNXZkdpay9EclJPTDJnZEJEKzFwRW14eWZ0SWpjTk53UVgvCmFtR01uQncwQjFTVTFyM0ttdGFUdVlYOUVtbGNTaEdjT0MxUlpJSHBRWlp0QXZwbVROaWxjRzAyOHVtTkJHRGQKUXh1eEdLd0VYWlpKCi0tLS0tRU5EIENFUlRJRklDQVRFLS0tLS0K"
              }
            ],
            "cluster_id": null,
            "compute_config": [],
            "created_at": "2025-05-05T12:09:42Z",
            "enabled_cluster_log_types": [],
            "endpoint": "https://631F2564B4878BBEBE08ED7C8F9CD0D6.gr7.eu-central-1.eks.amazonaws.com",
            "id": "eksDeepDiveFrankfurt",
            "identity": [
              {
                "oidc": [
                  {
                    "issuer": "https://oidc.eks.eu-central-1.amazonaws.com/id/631F2564B4878BBEBE08ED7C8F9CD0D6"
                  }
                ]
              }
            ],
            "kubernetes_network_config": [
              {
                "elastic_load_balancing": [
                  {
                    "enabled": false
                  }
                ],
                "ip_family": "ipv4",
                "service_ipv4_cidr": "10.100.0.0/16",
                "service_ipv6_cidr": ""
              }
            ],
            "name": "eksDeepDiveFrankfurt",
            "outpost_config": [],
            "platform_version": "eks.9",
            "remote_network_config": [],
            "role_arn": "arn:aws:iam::325583868777:role/role-for-eksDeepDiveFrankfurt-eks-cluster",
            "status": "ACTIVE",
            "storage_config": [],
            "tags": {
              "Name": "eksDeepDiveFrankfurt",
              "Terraform": "true",
              "component": "cluster",
              "env": "staging",
              "part-of": "eksDeepDiveFrankfurt",
              "project": "devops"
            },
            "upgrade_policy": [
              {
                "support_type": "EXTENDED"
              }
            ],
            "version": "1.32",
            "vpc_config": [
              {
                "cluster_security_group_id": "sg-0e50cabbf08b874e2",
                "endpoint_private_access": false,
                "endpoint_public_access": true,
                "public_access_cidrs": [
                  "0.0.0.0/0"
                ],
                "security_group_ids": [],
                "subnet_ids": [
                  "subnet-556d813f",
                  "subnet-ea81afa7"
                ],
                "vpc_id": "vpc-6412160f"
              }
            ],
            "zonal_shift_config": []
          },
          "sensitive_attributes": []
        }
      ]
    },
    {
      "mode": "data",
      "type": "aws_eks_cluster_auth",
      "name": "eks",
      "provider": "provider[\"registry.terraform.io/hashicorp/aws\"]",
      "instances": [
        {
          "schema_version": 0,
          "attributes": {
            "id": "eksDeepDiveFrankfurt",
            "name": "eksDeepDiveFrankfurt",
            "token": "k8s-aws-v1.aHR0cHM6Ly9zdHMuZXUtY2VudHJhbC0xLmFtYXpvbmF3cy5jb20vP0FjdGlvbj1HZXRDYWxsZXJJZGVudGl0eSZWZXJzaW9uPTIwMTEtMDYtMTUmWC1BbXotQWxnb3JpdGhtPUFXUzQtSE1BQy1TSEEyNTYmWC1BbXotQ3JlZGVudGlhbD1BS0lBVVhUU1BTTlVUSEtOUUJZNyUyRjIwMjUwNTE4JTJGZXUtY2VudHJhbC0xJTJGc3RzJTJGYXdzNF9yZXF1ZXN0JlgtQW16LURhdGU9MjAyNTA1MThUMjEzOTE0WiZYLUFtei1FeHBpcmVzPTAmWC1BbXotU2lnbmVkSGVhZGVycz1ob3N0JTNCeC1rOHMtYXdzLWlkJlgtQW16LVNpZ25hdHVyZT1hOTNiOGYxMjhiMDQzNDFkNWJiM2U0NGVmZjNkYWFkOWY2NjhlNzE2OTM4MmE0MTAyMjlkNmI0ODQ2ZThkYThl"
          },
          "sensitive_attributes": [
            [
              {
                "type": "get_attr",
                "value": "token"
              }
            ]
          ]
        }
      ]
    },
    {
      "mode": "data",
      "type": "aws_security_groups",
      "name": "eks_sgs",
      "provider": "provider[\"registry.terraform.io/hashicorp/aws\"]",
      "instances": [
        {
          "schema_version": 0,
          "attributes": {
            "arns": [
              "arn:aws:ec2:eu-central-1:325583868777:security-group/sg-015522a1720b9c439",
              "arn:aws:ec2:eu-central-1:325583868777:security-group/sg-06d4441c0ba594a94",
              "arn:aws:ec2:eu-central-1:325583868777:security-group/sg-06d2f4a4c01cdfa6e",
              "arn:aws:ec2:eu-central-1:325583868777:security-group/sg-0d8ba4dbc795c3cad",
              "arn:aws:ec2:eu-central-1:325583868777:security-group/sg-011bc69523479ed05",
              "arn:aws:ec2:eu-central-1:325583868777:security-group/sg-0104c77fbb64d771b",
              "arn:aws:ec2:eu-central-1:325583868777:security-group/sg-097f88ee0b09ea119",
              "arn:aws:ec2:eu-central-1:325583868777:security-group/sg-0d01a687854205e63",
              "arn:aws:ec2:eu-central-1:325583868777:security-group/sg-05b303ed24779ecd9",
              "arn:aws:ec2:eu-central-1:325583868777:security-group/sg-084ed81e909ef9296",
              "arn:aws:ec2:eu-central-1:325583868777:security-group/sg-0e5ee8c45268f747e",
              "arn:aws:ec2:eu-central-1:325583868777:security-group/sg-066033886285718dc",
              "arn:aws:ec2:eu-central-1:325583868777:security-group/sg-0941cce35c2e4a46d",
              "arn:aws:ec2:eu-central-1:325583868777:security-group/sg-0b411ebc5912c99ca",
              "arn:aws:ec2:eu-central-1:325583868777:security-group/sg-0cd960fe3f68605a9",
              "arn:aws:ec2:eu-central-1:325583868777:security-group/sg-04453946e47718347",
              "arn:aws:ec2:eu-central-1:325583868777:security-group/sg-0d6d23b2d65cfd8a6",
              "arn:aws:ec2:eu-central-1:325583868777:security-group/sg-0a0f407e1bfa7292a",
              "arn:aws:ec2:eu-central-1:325583868777:security-group/sg-0cce6392faefded18",
              "arn:aws:ec2:eu-central-1:325583868777:security-group/sg-06afd04814d30bd01",
              "arn:aws:ec2:eu-central-1:325583868777:security-group/sg-0962d18e99e39ff47",
              "arn:aws:ec2:eu-central-1:325583868777:security-group/sg-0794ddc7ebb679170",
              "arn:aws:ec2:eu-central-1:325583868777:security-group/sg-0e50cabbf08b874e2",
              "arn:aws:ec2:eu-central-1:325583868777:security-group/sg-056fb78c353a84f19",
              "arn:aws:ec2:eu-central-1:325583868777:security-group/sg-047289f2c3a7394db",
              "arn:aws:ec2:eu-central-1:325583868777:security-group/sg-06ec9464595470491",
              "arn:aws:ec2:eu-central-1:325583868777:security-group/sg-0e3237161b1714bc9",
              "arn:aws:ec2:eu-central-1:325583868777:security-group/sg-ec334b82",
              "arn:aws:ec2:eu-central-1:325583868777:security-group/sg-050b3903e5e64ec49",
              "arn:aws:ec2:eu-central-1:325583868777:security-group/sg-08f41aa6bab8d171c",
              "arn:aws:ec2:eu-central-1:325583868777:security-group/sg-0b8862536e436ada3",
              "arn:aws:ec2:eu-central-1:325583868777:security-group/sg-075fd51e3d08b2347",
              "arn:aws:ec2:eu-central-1:325583868777:security-group/sg-0d512a6d7eb6333f6",
              "arn:aws:ec2:eu-central-1:325583868777:security-group/sg-06fab4e3377109290"
            ],
            "filter": [
              {
                "name": "vpc-id",
                "values": [
                  "vpc-6412160f"
                ]
              }
            ],
            "id": "eu-central-1",
            "ids": [
              "sg-015522a1720b9c439",
              "sg-06d4441c0ba594a94",
              "sg-06d2f4a4c01cdfa6e",
              "sg-0d8ba4dbc795c3cad",
              "sg-011bc69523479ed05",
              "sg-0104c77fbb64d771b",
              "sg-097f88ee0b09ea119",
              "sg-0d01a687854205e63",
              "sg-05b303ed24779ecd9",
              "sg-084ed81e909ef9296",
              "sg-0e5ee8c45268f747e",
              "sg-066033886285718dc",
              "sg-0941cce35c2e4a46d",
              "sg-0b411ebc5912c99ca",
              "sg-0cd960fe3f68605a9",
              "sg-04453946e47718347",
              "sg-0d6d23b2d65cfd8a6",
              "sg-0a0f407e1bfa7292a",
              "sg-0cce6392faefded18",
              "sg-06afd04814d30bd01",
              "sg-0962d18e99e39ff47",
              "sg-0794ddc7ebb679170",
              "sg-0e50cabbf08b874e2",
              "sg-056fb78c353a84f19",
              "sg-047289f2c3a7394db",
              "sg-06ec9464595470491",
              "sg-0e3237161b1714bc9",
              "sg-ec334b82",
              "sg-050b3903e5e64ec49",
              "sg-08f41aa6bab8d171c",
              "sg-0b8862536e436ada3",
              "sg-075fd51e3d08b2347",
              "sg-0d512a6d7eb6333f6",
              "sg-06fab4e3377109290"
            ],
            "tags": null,
            "timeouts": null,
            "vpc_ids": [
              "vpc-6412160f",
              "vpc-6412160f",
              "vpc-6412160f",
              "vpc-6412160f",
              "vpc-6412160f",
              "vpc-6412160f",
              "vpc-6412160f",
              "vpc-6412160f",
              "vpc-6412160f",
              "vpc-6412160f",
              "vpc-6412160f",
              "vpc-6412160f",
              "vpc-6412160f",
              "vpc-6412160f",
              "vpc-6412160f",
              "vpc-6412160f",
              "vpc-6412160f",
              "vpc-6412160f",
              "vpc-6412160f",
              "vpc-6412160f",
              "vpc-6412160f",
              "vpc-6412160f",
              "vpc-6412160f",
              "vpc-6412160f",
              "vpc-6412160f",
              "vpc-6412160f",
              "vpc-6412160f",
              "vpc-6412160f",
              "vpc-6412160f",
              "vpc-6412160f",
              "vpc-6412160f",
              "vpc-6412160f",
              "vpc-6412160f",
              "vpc-6412160f"
            ]
          },
          "sensitive_attributes": []
        }
      ]
    },
    {
      "mode": "data",
      "type": "aws_subnets",
      "name": "eks_subnets",
      "provider": "provider[\"registry.terraform.io/hashicorp/aws\"]",
      "instances": [
        {
          "schema_version": 0,
          "attributes": {
            "filter": [
              {
                "name": "vpc-id",
                "values": [
                  "vpc-6412160f"
                ]
              }
            ],
            "id": "eu-central-1",
            "ids": [
              "subnet-556d813f",
              "subnet-ea81afa7",
              "subnet-75144e08"
            ],
            "tags": null,
            "timeouts": null
          },
          "sensitive_attributes": []
        }
      ]
    },
    {
      "mode": "data",
      "type": "aws_vpc",
      "name": "eks_vpc",
      "provider": "provider[\"registry.terraform.io/hashicorp/aws\"]",
      "instances": [
        {
          "schema_version": 0,
          "attributes": {
            "arn": "arn:aws:ec2:eu-central-1:325583868777:vpc/vpc-6412160f",
            "cidr_block": "172.31.0.0/16",
            "cidr_block_associations": [
              {
                "association_id": "vpc-cidr-assoc-832632eb",
                "cidr_block": "172.31.0.0/16",
                "state": "associated"
              }
            ],
            "default": true,
            "dhcp_options_id": "dopt-f5cfcb9e",
            "enable_dns_hostnames": true,
            "enable_dns_support": true,
            "enable_network_address_usage_metrics": false,
            "filter": [
              {
                "name": "tag:Name",
                "values": [
                  "myvpc-cdcp"
                ]
              }
            ],
            "id": "vpc-6412160f",
            "instance_tenancy": "default",
            "ipv6_association_id": "",
            "ipv6_cidr_block": "",
            "main_route_table_id": "rtb-9c6bd5f6",
            "owner_id": "325583868777",
            "state": null,
            "tags": {
              "Name": "myvpc-cdcp"
            },
            "timeouts": null
          },
          "sensitive_attributes": []
        }
      ]
    },
    {
      "mode": "managed",
      "type": "aws_ecr_repository",
      "name": "todo_app",
      "provider": "provider[\"registry.terraform.io/hashicorp/aws\"]",
      "instances": [
        {
          "schema_version": 0,
          "attributes": {
            "arn": "arn:aws:ecr:eu-central-1:325583868777:repository/rennanpc1/todo-app",
            "encryption_configuration": [
              {
                "encryption_type": "AES256",
                "kms_key": ""
              }
            ],
            "force_delete": null,
            "id": "rennanpc1/todo-app",
            "image_scanning_configuration": [
              {
                "scan_on_push": false
              }
            ],
            "image_tag_mutability": "MUTABLE",
            "name": "rennanpc1/todo-app",
            "registry_id": "325583868777",
            "repository_url": "325583868777.dkr.ecr.eu-central-1.amazonaws.com/rennanpc1/todo-app",
            "tags": {},
            "tags_all": {},
            "timeouts": null
          },
          "sensitive_attributes": [],
          "private": "eyJlMmJmYjczMC1lY2FhLTExZTYtOGY4OC0zNDM2M2JjN2M0YzAiOnsiZGVsZXRlIjoxMjAwMDAwMDAwMDAwfX0="
        }
      ]
    },
    {
      "mode": "managed",
      "type": "aws_eks_node_group",
      "name": "node_group",
      "provider": "provider[\"registry.terraform.io/hashicorp/aws\"]",
      "instances": [
        {
          "schema_version": 0,
          "attributes": {
            "ami_type": "AL2023_x86_64_STANDARD",
            "arn": "arn:aws:eks:eu-central-1:325583868777:nodegroup/eksDeepDiveFrankfurt/nodeGroupDP011/b8cb7270-0efd-9b83-2fb7-5127a75f7fe4",
            "capacity_type": "ON_DEMAND",
            "cluster_name": "eksDeepDiveFrankfurt",
            "disk_size": 20,
            "force_update_version": null,
            "id": "eksDeepDiveFrankfurt:nodeGroupDP011",
            "instance_types": [
              "t3.small"
            ],
            "labels": {},
            "launch_template": [],
            "node_group_name": "nodeGroupDP011",
            "node_group_name_prefix": "",
            "node_repair_config": [],
            "node_role_arn": "arn:aws:iam::325583868777:role/role-for-eksDeepDiveFrankfurt-eks-cluster",
            "release_version": "1.32.3-20250514",
            "remote_access": [],
            "resources": [
              {
                "autoscaling_groups": [
                  {
                    "name": "eks-nodeGroupDP011-b8cb7270-0efd-9b83-2fb7-5127a75f7fe4"
                  }
                ],
                "remote_access_security_group_id": ""
              }
            ],
            "scaling_config": [
              {
                "desired_size": 1,
                "max_size": 2,
                "min_size": 1
              }
            ],
            "status": "ACTIVE",
            "subnet_ids": [
              "subnet-556d813f",
              "subnet-75144e08",
              "subnet-ea81afa7"
            ],
            "tags": {},
            "tags_all": {},
            "taint": [],
            "timeouts": null,
            "update_config": [
              {
                "max_unavailable": 1,
                "max_unavailable_percentage": 0
              }
            ],
            "version": "1.32"
          },
          "sensitive_attributes": [],
          "private": "eyJlMmJmYjczMC1lY2FhLTExZTYtOGY4OC0zNDM2M2JjN2M0YzAiOnsiY3JlYXRlIjozNjAwMDAwMDAwMDAwLCJkZWxldGUiOjM2MDAwMDAwMDAwMDAsInVwZGF0ZSI6MzYwMDAwMDAwMDAwMH19",
          "dependencies": [
            "data.aws_eks_cluster.eks",
            "data.aws_subnets.eks_subnets",
            "data.aws_vpc.eks_vpc"
          ]
        }
      ]
    },
    {
      "mode": "managed",
      "type": "kubernetes_deployment",
      "name": "todo",
      "provider": "provider[\"registry.terraform.io/hashicorp/kubernetes\"]",
      "instances": [
        {
          "schema_version": 1,
          "attributes": {
            "id": "default/todo-deployment",
            "metadata": [
              {
                "annotations": {},
                "generate_name": "",
                "generation": 1,
                "labels": {
                  "app": "todo"
                },
                "name": "todo-deployment",
                "namespace": "default",
                "resource_version": "3738026",
                "uid": "588fe641-d409-4aa0-83fb-fbc2302fa5df"
              }
            ],
            "spec": [
              {
                "min_ready_seconds": 0,
                "paused": false,
                "progress_deadline_seconds": 600,
                "replicas": "1",
                "revision_history_limit": 10,
                "selector": [
                  {
                    "match_expressions": [],
                    "match_labels": {
                      "app": "todo"
                    }
                  }
                ],
                "strategy": [
                  {
                    "rolling_update": [
                      {
                        "max_surge": "25%",
                        "max_unavailable": "25%"
                      }
                    ],
                    "type": "RollingUpdate"
                  }
                ],
                "template": [
                  {
                    "metadata": [
                      {
                        "annotations": {},
                        "generate_name": "",
                        "generation": 0,
                        "labels": {
                          "app": "todo"
                        },
                        "name": "",
                        "namespace": "",
                        "resource_version": "",
                        "uid": ""
                      }
                    ],
                    "spec": [
                      {
                        "active_deadline_seconds": 0,
                        "affinity": [],
                        "automount_service_account_token": true,
                        "container": [
                          {
                            "args": [],
                            "command": [],
                            "env": [],
                            "env_from": [],
                            "image": "rennanpc1/getting-started:1.0.1",
                            "image_pull_policy": "IfNotPresent",
                            "lifecycle": [],
                            "liveness_probe": [],
                            "name": "todo",
                            "port": [
                              {
                                "container_port": 3000,
                                "host_ip": "",
                                "host_port": 0,
                                "name": "",
                                "protocol": "TCP"
                              }
                            ],
                            "readiness_probe": [],
                            "resources": [
                              {
                                "limits": {},
                                "requests": {}
                              }
                            ],
                            "security_context": [],
                            "startup_probe": [],
                            "stdin": false,
                            "stdin_once": false,
                            "termination_message_path": "/dev/termination-log",
                            "termination_message_policy": "File",
                            "tty": false,
                            "volume_device": [],
                            "volume_mount": [],
                            "working_dir": ""
                          }
                        ],
                        "dns_config": [],
                        "dns_policy": "ClusterFirst",
                        "enable_service_links": true,
                        "host_aliases": [],
                        "host_ipc": false,
                        "host_network": false,
                        "host_pid": false,
                        "hostname": "",
                        "image_pull_secrets": [],
                        "init_container": [],
                        "node_name": "",
                        "node_selector": {},
                        "os": [],
                        "priority_class_name": "",
                        "readiness_gate": [],
                        "restart_policy": "Always",
                        "runtime_class_name": "",
                        "scheduler_name": "default-scheduler",
                        "security_context": [],
                        "service_account_name": "",
                        "share_process_namespace": false,
                        "subdomain": "",
                        "termination_grace_period_seconds": 30,
                        "toleration": [],
                        "topology_spread_constraint": [],
                        "volume": []
                      }
                    ]
                  }
                ]
              }
            ],
            "timeouts": null,
            "wait_for_rollout": true
          },
          "sensitive_attributes": [],
          "private": "eyJlMmJmYjczMC1lY2FhLTExZTYtOGY4OC0zNDM2M2JjN2M0YzAiOnsiY3JlYXRlIjo2MDAwMDAwMDAwMDAsImRlbGV0ZSI6NjAwMDAwMDAwMDAwLCJ1cGRhdGUiOjYwMDAwMDAwMDAwMH0sInNjaGVtYV92ZXJzaW9uIjoiMSJ9",
          "dependencies": [
            "data.aws_eks_cluster.eks",
            "data.aws_eks_cluster_auth.eks"
          ]
        }
      ]
    },
    {
      "mode": "managed",
      "type": "kubernetes_service",
      "name": "todo",
      "provider": "provider[\"registry.terraform.io/hashicorp/kubernetes\"]",
      "instances": [
        {
          "schema_version": 1,
          "attributes": {
            "id": "default/todo-service",
            "metadata": [
              {
                "annotations": {},
                "generate_name": "",
                "generation": 0,
                "labels": {},
                "name": "todo-service",
                "namespace": "default",
                "resource_version": "3738076",
                "uid": "f7ca4571-ba93-4ea6-b99b-7fd518c5adb8"
              }
            ],
            "spec": [
              {
                "allocate_load_balancer_node_ports": true,
                "cluster_ip": "10.100.230.220",
                "cluster_ips": [
                  "10.100.230.220"
                ],
                "external_ips": [],
                "external_name": "",
                "external_traffic_policy": "Cluster",
                "health_check_node_port": 0,
                "internal_traffic_policy": "Cluster",
                "ip_families": [
                  "IPv4"
                ],
                "ip_family_policy": "SingleStack",
                "load_balancer_class": "",
                "load_balancer_ip": "",
                "load_balancer_source_ranges": [],
                "port": [
                  {
                    "app_protocol": "",
                    "name": "",
                    "node_port": 32536,
                    "port": 80,
                    "protocol": "TCP",
                    "target_port": "3000"
                  }
                ],
                "publish_not_ready_addresses": false,
                "selector": {
                  "app": "todo"
                },
                "session_affinity": "None",
                "session_affinity_config": [],
                "type": "LoadBalancer"
              }
            ],
            "status": [
              {
                "load_balancer": [
                  {
                    "ingress": [
                      {
                        "hostname": "af7ca4571ba934ea6b99b7fd518c5adb-1360658593.eu-central-1.elb.amazonaws.com",
                        "ip": ""
                      }
                    ]
                  }
                ]
              }
            ],
            "timeouts": null,
            "wait_for_load_balancer": true
          },
          "sensitive_attributes": [],
          "private": "eyJlMmJmYjczMC1lY2FhLTExZTYtOGY4OC0zNDM2M2JjN2M0YzAiOnsiY3JlYXRlIjo2MDAwMDAwMDAwMDB9LCJzY2hlbWFfdmVyc2lvbiI6IjEifQ==",
          "dependencies": [
            "data.aws_eks_cluster.eks",
            "data.aws_eks_cluster_auth.eks",
            "kubernetes_deployment.todo"
          ]
        }
      ]
    }
  ],
  "check_results": null
}
