{
  "version": 4,
  "terraform_version": "1.11.2",
  "serial": 77,
  "lineage": "60c9240a-a03d-a9ee-1a64-24ccde305cd9",
  "outputs": {},
  "resources": [
    {
      "mode": "managed",
      "type": "aws_ecr_repository",
      "name": "todo_app",
      "provider": "provider[\"registry.terraform.io/hashicorp/aws\"]",
      "instances": [
        {
          "schema_version": 0,
          "attributes": {
            "arn": "arn:aws:ecr:eu-central-1:325583868777:repository/rennanpc1/todo-app",
            "encryption_configuration": [
              {
                "encryption_type": "AES256",
                "kms_key": ""
              }
            ],
            "force_delete": null,
            "id": "rennanpc1/todo-app",
            "image_scanning_configuration": [
              {
                "scan_on_push": false
              }
            ],
            "image_tag_mutability": "MUTABLE",
            "name": "rennanpc1/todo-app",
            "registry_id": "325583868777",
            "repository_url": "325583868777.dkr.ecr.eu-central-1.amazonaws.com/rennanpc1/todo-app",
            "tags": {},
            "tags_all": {},
            "timeouts": null
          },
          "sensitive_attributes": [],
          "private": "eyJlMmJmYjczMC1lY2FhLTExZTYtOGY4OC0zNDM2M2JjN2M0YzAiOnsiZGVsZXRlIjoxMjAwMDAwMDAwMDAwfX0="
        }
      ]
    }
  ],
  "check_results": null
}
