{
  "version": 4,
  "terraform_version": "1.11.2",
  "serial": 83,
  "lineage": "60c9240a-a03d-a9ee-1a64-24ccde305cd9",
  "outputs": {
    "eks_cluster_name": {
      "value": "eksDeepDiveFrankfurt",
      "type": "string"
    },
    "node_group_name": {
      "value": "nodeGroupDP011",
      "type": "string"
    }
  },
  "resources": [
    {
      "mode": "data",
      "type": "aws_eks_cluster",
      "name": "eks",
      "provider": "provider[\"registry.terraform.io/hashicorp/aws\"]",
      "instances": [
        {
          "schema_version": 0,
          "attributes": {
            "access_config": [
              {
                "authentication_mode": "API_AND_CONFIG_MAP",
                "bootstrap_cluster_creator_admin_permissions": true
              }
            ],
            "arn": "arn:aws:eks:eu-central-1:325583868777:cluster/eksDeepDiveFrankfurt",
            "certificate_authority": [
              {
                "data": "LS0tLS1CRUdJTiBDRVJUSUZJQ0FURS0tLS0tCk1JSURCVENDQWUyZ0F3SUJBZ0lJVlltOEtQRDJ4Vnd3RFFZSktvWklodmNOQVFFTEJRQXdGVEVUTUJFR0ExVUUKQXhNS2EzVmlaWEp1WlhSbGN6QWVGdzB5TlRBMU1EVXhNakE0TlRKYUZ3MHpOVEExTURNeE1qRXpOVEphTUJVeApFekFSQmdOVkJBTVRDbXQxWW1WeWJtVjBaWE13Z2dFaU1BMEdDU3FHU0liM0RRRUJBUVVBQTRJQkR3QXdnZ0VLCkFvSUJBUUN4UDYwWUJ6aGxDdHhiejRKSjQrYURwQTZQK2FsbS9lS2pDYzB5SDdBQ0ZJUjMvT0psUENjaDJYdlAKUlhkeTJlRW9BQVpFREo1WUpYSlpnK0JSUk5yWUdOMDNKbFNDUU9PVVBaNXlXakdvZ3NCdyt3eGMzRXpBVU1yRgpXYmV6ZUI4NE56MDFzeTBNZXVNQjY4clJ3bHEzSENjbVQ1VmxPNldRK1pYZXZMK2lVcGszTDJxNXhJSm5yUFUzCkt3OFlYVWQxS0JpOExmK2JiN1pQeVF1T1IyZXFTK3F5OU5IVktwcitzVytGdzhmdFlZaXZ6bEJIbEZpYzZRbloKb3dPUGttNFdjUmhLelV6N28zckpBLzBCVW1vRWRZb2MzTmNmanI3Rk9pUmtvaloyczFOT1VvR2JCaFhjQjB3bwpQTXl2ZWFPQURudk9PbWV1REpLMkdZNk9GQXZEQWdNQkFBR2pXVEJYTUE0R0ExVWREd0VCL3dRRUF3SUNwREFQCkJnTlZIUk1CQWY4RUJUQURBUUgvTUIwR0ExVWREZ1FXQkJUZElJK2dqa3Jpd0ZOekw5cmoreVhJNExUaWN6QVYKQmdOVkhSRUVEakFNZ2dwcmRXSmxjbTVsZEdWek1BMEdDU3FHU0liM0RRRUJDd1VBQTRJQkFRQng5M0tLZithMgpMZzhFQWpPNXVoZGtpRHIwaEs2M3RWbjNFWFhmUldIQVNCMUl4VWhxWDVJdDk2cC9ZYnBJalRjNERLZ3cyYzdVCkVmMWlCcVBzSlFxVXpsZmZMckhsTmdSb1p4OGxzcVdPUDhYeXBoZDFsQ0tBbkF6cXZVWlVHaGRkQlk4MjZrNXkKRjAzbTNqQjN2R2p5dmRrZCs4aG56ODhtVm5nLzRwTW5wOEZ4NnQrbFlQdFh5SzJzZU1QOFJ1Z3VTcmMybU1peApRdDJjVVUza3poZi90KzcwUkthOUpEcTgra3RXclNXZkdpay9EclJPTDJnZEJEKzFwRW14eWZ0SWpjTk53UVgvCmFtR01uQncwQjFTVTFyM0ttdGFUdVlYOUVtbGNTaEdjT0MxUlpJSHBRWlp0QXZwbVROaWxjRzAyOHVtTkJHRGQKUXh1eEdLd0VYWlpKCi0tLS0tRU5EIENFUlRJRklDQVRFLS0tLS0K"
              }
            ],
            "cluster_id": null,
            "compute_config": [],
            "created_at": "2025-05-05T12:09:42Z",
            "enabled_cluster_log_types": [],
            "endpoint": "https://631F2564B4878BBEBE08ED7C8F9CD0D6.gr7.eu-central-1.eks.amazonaws.com",
            "id": "eksDeepDiveFrankfurt",
            "identity": [
              {
                "oidc": [
                  {
                    "issuer": "https://oidc.eks.eu-central-1.amazonaws.com/id/631F2564B4878BBEBE08ED7C8F9CD0D6"
                  }
                ]
              }
            ],
            "kubernetes_network_config": [
              {
                "elastic_load_balancing": [
                  {
                    "enabled": false
                  }
                ],
                "ip_family": "ipv4",
                "service_ipv4_cidr": "10.100.0.0/16",
                "service_ipv6_cidr": ""
              }
            ],
            "name": "eksDeepDiveFrankfurt",
            "outpost_config": [],
            "platform_version": "eks.9",
            "remote_network_config": [],
            "role_arn": "arn:aws:iam::325583868777:role/role-for-eksDeepDiveFrankfurt-eks-cluster",
            "status": "ACTIVE",
            "storage_config": [],
            "tags": {
              "Name": "eksDeepDiveFrankfurt",
              "Terraform": "true",
              "component": "cluster",
              "env": "staging",
              "part-of": "eksDeepDiveFrankfurt",
              "project": "devops"
            },
            "upgrade_policy": [
              {
                "support_type": "EXTENDED"
              }
            ],
            "version": "1.32",
            "vpc_config": [
              {
                "cluster_security_group_id": "sg-0e50cabbf08b874e2",
                "endpoint_private_access": false,
                "endpoint_public_access": true,
                "public_access_cidrs": [
                  "0.0.0.0/0"
                ],
                "security_group_ids": [],
                "subnet_ids": [
                  "subnet-556d813f",
                  "subnet-ea81afa7"
                ],
                "vpc_id": "vpc-6412160f"
              }
            ],
            "zonal_shift_config": []
          },
          "sensitive_attributes": []
        }
      ]
    },
    {
      "mode": "data",
      "type": "aws_eks_cluster_auth",
      "name": "eks",
      "provider": "provider[\"registry.terraform.io/hashicorp/aws\"]",
      "instances": [
        {
          "schema_version": 0,
          "attributes": {
            "id": "eksDeepDiveFrankfurt",
            "name": "eksDeepDiveFrankfurt",
            "token": "k8s-aws-v1.aHR0cHM6Ly9zdHMuZXUtY2VudHJhbC0xLmFtYXpvbmF3cy5jb20vP0FjdGlvbj1HZXRDYWxsZXJJZGVudGl0eSZWZXJzaW9uPTIwMTEtMDYtMTUmWC1BbXotQWxnb3JpdGhtPUFXUzQtSE1BQy1TSEEyNTYmWC1BbXotQ3JlZGVudGlhbD1BS0lBVVhUU1BTTlVUVVBVT1E0UyUyRjIwMjUwNTI3JTJGZXUtY2VudHJhbC0xJTJGc3RzJTJGYXdzNF9yZXF1ZXN0JlgtQW16LURhdGU9MjAyNTA1MjdUMDAyMjU0WiZYLUFtei1FeHBpcmVzPTAmWC1BbXotU2lnbmVkSGVhZGVycz1ob3N0JTNCeC1rOHMtYXdzLWlkJlgtQW16LVNpZ25hdHVyZT03OWMzNGUxOTRjMDAzNTQ4ZGQwN2NiN2M4ZTk1MDU4N2I2ZDMzZDNmMTkzN2M2ZDYyYjc4NDY4ZTE1NTI2Zjli"
          },
          "sensitive_attributes": [
            [
              {
                "type": "get_attr",
                "value": "token"
              }
            ]
          ]
        }
      ]
    },
    {
      "mode": "data",
      "type": "aws_security_groups",
      "name": "eks_sgs",
      "provider": "provider[\"registry.terraform.io/hashicorp/aws\"]",
      "instances": [
        {
          "schema_version": 0,
          "attributes": {
            "arns": [
              "arn:aws:ec2:eu-central-1:325583868777:security-group/sg-015522a1720b9c439",
              "arn:aws:ec2:eu-central-1:325583868777:security-group/sg-06d4441c0ba594a94",
              "arn:aws:ec2:eu-central-1:325583868777:security-group/sg-ec334b82",
              "arn:aws:ec2:eu-central-1:325583868777:security-group/sg-00cc00e08276487ff",
              "arn:aws:ec2:eu-central-1:325583868777:security-group/sg-0d8ba4dbc795c3cad",
              "arn:aws:ec2:eu-central-1:325583868777:security-group/sg-011bc69523479ed05",
              "arn:aws:ec2:eu-central-1:325583868777:security-group/sg-0104c77fbb64d771b",
              "arn:aws:ec2:eu-central-1:325583868777:security-group/sg-0db038f4376bd4b33",
              "arn:aws:ec2:eu-central-1:325583868777:security-group/sg-097f88ee0b09ea119",
              "arn:aws:ec2:eu-central-1:325583868777:security-group/sg-0b5ee210b78ed7e8b",
              "arn:aws:ec2:eu-central-1:325583868777:security-group/sg-0787573066e2455e7",
              "arn:aws:ec2:eu-central-1:325583868777:security-group/sg-0d01a687854205e63",
              "arn:aws:ec2:eu-central-1:325583868777:security-group/sg-0065ad8d7e85dfd6e",
              "arn:aws:ec2:eu-central-1:325583868777:security-group/sg-05b303ed24779ecd9",
              "arn:aws:ec2:eu-central-1:325583868777:security-group/sg-084ed81e909ef9296",
              "arn:aws:ec2:eu-central-1:325583868777:security-group/sg-0e5ee8c45268f747e",
              "arn:aws:ec2:eu-central-1:325583868777:security-group/sg-066033886285718dc",
              "arn:aws:ec2:eu-central-1:325583868777:security-group/sg-0941cce35c2e4a46d",
              "arn:aws:ec2:eu-central-1:325583868777:security-group/sg-0cd960fe3f68605a9",
              "arn:aws:ec2:eu-central-1:325583868777:security-group/sg-04453946e47718347",
              "arn:aws:ec2:eu-central-1:325583868777:security-group/sg-0d6d23b2d65cfd8a6",
              "arn:aws:ec2:eu-central-1:325583868777:security-group/sg-0a0f407e1bfa7292a",
              "arn:aws:ec2:eu-central-1:325583868777:security-group/sg-0cce6392faefded18",
              "arn:aws:ec2:eu-central-1:325583868777:security-group/sg-06afd04814d30bd01",
              "arn:aws:ec2:eu-central-1:325583868777:security-group/sg-04af7bdefbe09b6fc",
              "arn:aws:ec2:eu-central-1:325583868777:security-group/sg-0962d18e99e39ff47",
              "arn:aws:ec2:eu-central-1:325583868777:security-group/sg-030802c6e39ccdc48",
              "arn:aws:ec2:eu-central-1:325583868777:security-group/sg-0794ddc7ebb679170",
              "arn:aws:ec2:eu-central-1:325583868777:security-group/sg-012567dac623971d7",
              "arn:aws:ec2:eu-central-1:325583868777:security-group/sg-056fb78c353a84f19",
              "arn:aws:ec2:eu-central-1:325583868777:security-group/sg-047289f2c3a7394db",
              "arn:aws:ec2:eu-central-1:325583868777:security-group/sg-06ec9464595470491",
              "arn:aws:ec2:eu-central-1:325583868777:security-group/sg-0e3237161b1714bc9",
              "arn:aws:ec2:eu-central-1:325583868777:security-group/sg-0e50cabbf08b874e2",
              "arn:aws:ec2:eu-central-1:325583868777:security-group/sg-050b3903e5e64ec49",
              "arn:aws:ec2:eu-central-1:325583868777:security-group/sg-08f41aa6bab8d171c",
              "arn:aws:ec2:eu-central-1:325583868777:security-group/sg-0b8862536e436ada3",
              "arn:aws:ec2:eu-central-1:325583868777:security-group/sg-075fd51e3d08b2347",
              "arn:aws:ec2:eu-central-1:325583868777:security-group/sg-0d512a6d7eb6333f6"
            ],
            "filter": [
              {
                "name": "vpc-id",
                "values": [
                  "vpc-6412160f"
                ]
              }
            ],
            "id": "eu-central-1",
            "ids": [
              "sg-015522a1720b9c439",
              "sg-06d4441c0ba594a94",
              "sg-ec334b82",
              "sg-00cc00e08276487ff",
              "sg-0d8ba4dbc795c3cad",
              "sg-011bc69523479ed05",
              "sg-0104c77fbb64d771b",
              "sg-0db038f4376bd4b33",
              "sg-097f88ee0b09ea119",
              "sg-0b5ee210b78ed7e8b",
              "sg-0787573066e2455e7",
              "sg-0d01a687854205e63",
              "sg-0065ad8d7e85dfd6e",
              "sg-05b303ed24779ecd9",
              "sg-084ed81e909ef9296",
              "sg-0e5ee8c45268f747e",
              "sg-066033886285718dc",
              "sg-0941cce35c2e4a46d",
              "sg-0cd960fe3f68605a9",
              "sg-04453946e47718347",
              "sg-0d6d23b2d65cfd8a6",
              "sg-0a0f407e1bfa7292a",
              "sg-0cce6392faefded18",
              "sg-06afd04814d30bd01",
              "sg-04af7bdefbe09b6fc",
              "sg-0962d18e99e39ff47",
              "sg-030802c6e39ccdc48",
              "sg-0794ddc7ebb679170",
              "sg-012567dac623971d7",
              "sg-056fb78c353a84f19",
              "sg-047289f2c3a7394db",
              "sg-06ec9464595470491",
              "sg-0e3237161b1714bc9",
              "sg-0e50cabbf08b874e2",
              "sg-050b3903e5e64ec49",
              "sg-08f41aa6bab8d171c",
              "sg-0b8862536e436ada3",
              "sg-075fd51e3d08b2347",
              "sg-0d512a6d7eb6333f6"
            ],
            "tags": null,
            "timeouts": null,
            "vpc_ids": [
              "vpc-6412160f",
              "vpc-6412160f",
              "vpc-6412160f",
              "vpc-6412160f",
              "vpc-6412160f",
              "vpc-6412160f",
              "vpc-6412160f",
              "vpc-6412160f",
              "vpc-6412160f",
              "vpc-6412160f",
              "vpc-6412160f",
              "vpc-6412160f",
              "vpc-6412160f",
              "vpc-6412160f",
              "vpc-6412160f",
              "vpc-6412160f",
              "vpc-6412160f",
              "vpc-6412160f",
              "vpc-6412160f",
              "vpc-6412160f",
              "vpc-6412160f",
              "vpc-6412160f",
              "vpc-6412160f",
              "vpc-6412160f",
              "vpc-6412160f",
              "vpc-6412160f",
              "vpc-6412160f",
              "vpc-6412160f",
              "vpc-6412160f",
              "vpc-6412160f",
              "vpc-6412160f",
              "vpc-6412160f",
              "vpc-6412160f",
              "vpc-6412160f",
              "vpc-6412160f",
              "vpc-6412160f",
              "vpc-6412160f",
              "vpc-6412160f",
              "vpc-6412160f"
            ]
          },
          "sensitive_attributes": []
        }
      ]
    },
    {
      "mode": "data",
      "type": "aws_subnets",
      "name": "eks_subnets",
      "provider": "provider[\"registry.terraform.io/hashicorp/aws\"]",
      "instances": [
        {
          "schema_version": 0,
          "attributes": {
            "filter": [
              {
                "name": "vpc-id",
                "values": [
                  "vpc-6412160f"
                ]
              }
            ],
            "id": "eu-central-1",
            "ids": [
              "subnet-556d813f",
              "subnet-ea81afa7",
              "subnet-75144e08"
            ],
            "tags": null,
            "timeouts": null
          },
          "sensitive_attributes": []
        }
      ]
    },
    {
      "mode": "data",
      "type": "aws_vpc",
      "name": "eks_vpc",
      "provider": "provider[\"registry.terraform.io/hashicorp/aws\"]",
      "instances": [
        {
          "schema_version": 0,
          "attributes": {
            "arn": "arn:aws:ec2:eu-central-1:325583868777:vpc/vpc-6412160f",
            "cidr_block": "172.31.0.0/16",
            "cidr_block_associations": [
              {
                "association_id": "vpc-cidr-assoc-832632eb",
                "cidr_block": "172.31.0.0/16",
                "state": "associated"
              }
            ],
            "default": true,
            "dhcp_options_id": "dopt-f5cfcb9e",
            "enable_dns_hostnames": true,
            "enable_dns_support": true,
            "enable_network_address_usage_metrics": false,
            "filter": [
              {
                "name": "tag:Name",
                "values": [
                  "myvpc-cdcp"
                ]
              }
            ],
            "id": "vpc-6412160f",
            "instance_tenancy": "default",
            "ipv6_association_id": "",
            "ipv6_cidr_block": "",
            "main_route_table_id": "rtb-9c6bd5f6",
            "owner_id": "325583868777",
            "state": null,
            "tags": {
              "Name": "myvpc-cdcp"
            },
            "timeouts": null
          },
          "sensitive_attributes": []
        }
      ]
    },
    {
      "mode": "managed",
      "type": "aws_ecr_repository",
      "name": "todo_app",
      "provider": "provider[\"registry.terraform.io/hashicorp/aws\"]",
      "instances": [
        {
          "schema_version": 0,
          "attributes": {
            "arn": "arn:aws:ecr:eu-central-1:325583868777:repository/todo-app-dp011",
            "encryption_configuration": [
              {
                "encryption_type": "AES256",
                "kms_key": ""
              }
            ],
            "force_delete": null,
            "id": "todo-app-dp011",
            "image_scanning_configuration": [
              {
                "scan_on_push": true
              }
            ],
            "image_tag_mutability": "MUTABLE",
            "name": "todo-app-dp011",
            "registry_id": "325583868777",
            "repository_url": "325583868777.dkr.ecr.eu-central-1.amazonaws.com/todo-app-dp011",
            "tags": {},
            "tags_all": {},
            "timeouts": null
          },
          "sensitive_attributes": [],
          "private": "eyJlMmJmYjczMC1lY2FhLTExZTYtOGY4OC0zNDM2M2JjN2M0YzAiOnsiZGVsZXRlIjoxMjAwMDAwMDAwMDAwfSwic2NoZW1hX3ZlcnNpb24iOiIwIn0="
        }
      ]
    },
    {
      "mode": "managed",
      "type": "aws_eks_node_group",
      "name": "node_group",
      "provider": "provider[\"registry.terraform.io/hashicorp/aws\"]",
      "instances": [
        {
          "schema_version": 0,
          "attributes": {
            "ami_type": "AL2023_x86_64_STANDARD",
            "arn": "arn:aws:eks:eu-central-1:325583868777:nodegroup/eksDeepDiveFrankfurt/nodeGroupDP011/44cb876e-51a0-6b8e-71bd-06854aa0f07e",
            "capacity_type": "ON_DEMAND",
            "cluster_name": "eksDeepDiveFrankfurt",
            "disk_size": 20,
            "force_update_version": null,
            "id": "eksDeepDiveFrankfurt:nodeGroupDP011",
            "instance_types": [
              "t3.small"
            ],
            "labels": {},
            "launch_template": [],
            "node_group_name": "nodeGroupDP011",
            "node_group_name_prefix": "",
            "node_repair_config": [],
            "node_role_arn": "arn:aws:iam::325583868777:role/role-for-eksDeepDiveFrankfurt-eks-cluster",
            "release_version": "1.32.3-20250519",
            "remote_access": [],
            "resources": [
              {
                "autoscaling_groups": [
                  {
                    "name": "eks-nodeGroupDP011-44cb876e-51a0-6b8e-71bd-06854aa0f07e"
                  }
                ],
                "remote_access_security_group_id": ""
              }
            ],
            "scaling_config": [
              {
                "desired_size": 1,
                "max_size": 2,
                "min_size": 1
              }
            ],
            "status": "ACTIVE",
            "subnet_ids": [
              "subnet-556d813f",
              "subnet-75144e08",
              "subnet-ea81afa7"
            ],
            "tags": {},
            "tags_all": {},
            "taint": [],
            "timeouts": null,
            "update_config": [
              {
                "max_unavailable": 1,
                "max_unavailable_percentage": 0
              }
            ],
            "version": "1.32"
          },
          "sensitive_attributes": [],
          "private": "eyJlMmJmYjczMC1lY2FhLTExZTYtOGY4OC0zNDM2M2JjN2M0YzAiOnsiY3JlYXRlIjozNjAwMDAwMDAwMDAwLCJkZWxldGUiOjM2MDAwMDAwMDAwMDAsInVwZGF0ZSI6MzYwMDAwMDAwMDAwMH0sInNjaGVtYV92ZXJzaW9uIjoiMCJ9"
        }
      ]
    }
  ],
  "check_results": null
}
